// !$*UTF8*$!
{
	archiveVersion = 1;
	classes = {
	};
	objectVersion = 46;
	objects = {

/* Begin PBXBuildFile section */
		49764F050781DE970799244A /* Pods.framework in Frameworks */ = {isa = PBXBuildFile; fileRef = E2300B1541CFC749F63AD8D6 /* Pods.framework */; };
		F9257E6F1CA224C9005BAA97 /* FeedTableViewController.swift in Sources */ = {isa = PBXBuildFile; fileRef = F9257E6E1CA224C9005BAA97 /* FeedTableViewController.swift */; };
		F956A0C71CA4C682001B5D27 /* SelfieCell.swift in Sources */ = {isa = PBXBuildFile; fileRef = F956A0C61CA4C682001B5D27 /* SelfieCell.swift */; };
		F96433711CA6166A0044548A /* PhotoLibraryCollectionViewController.swift in Sources */ = {isa = PBXBuildFile; fileRef = F96433701CA6166A0044548A /* PhotoLibraryCollectionViewController.swift */; };
		F96433731CA901690044548A /* PhotoLibraryCollectionViewCell.swift in Sources */ = {isa = PBXBuildFile; fileRef = F96433721CA901690044548A /* PhotoLibraryCollectionViewCell.swift */; };
		F968BD0A1CB702D400AC4FE7 /* Activity.swift in Sources */ = {isa = PBXBuildFile; fileRef = F968BD091CB702D400AC4FE7 /* Activity.swift */; };
		F9AE31571C926E5000C8A636 /* AppDelegate.swift in Sources */ = {isa = PBXBuildFile; fileRef = F9AE31561C926E5000C8A636 /* AppDelegate.swift */; };
		F9AE31591C926E5000C8A636 /* PostViewController.swift in Sources */ = {isa = PBXBuildFile; fileRef = F9AE31581C926E5000C8A636 /* PostViewController.swift */; };
		F9AE315C1C926E5000C8A636 /* Main.storyboard in Resources */ = {isa = PBXBuildFile; fileRef = F9AE315A1C926E5000C8A636 /* Main.storyboard */; };
		F9AE315E1C926E5000C8A636 /* Assets.xcassets in Resources */ = {isa = PBXBuildFile; fileRef = F9AE315D1C926E5000C8A636 /* Assets.xcassets */; };
		F9AE31611C926E5000C8A636 /* LaunchScreen.storyboard in Resources */ = {isa = PBXBuildFile; fileRef = F9AE315F1C926E5000C8A636 /* LaunchScreen.storyboard */; };
		F9AE316C1C926E5000C8A636 /* SelfigramTests.swift in Sources */ = {isa = PBXBuildFile; fileRef = F9AE316B1C926E5000C8A636 /* SelfigramTests.swift */; };
		F9AE31771C926E5000C8A636 /* SelfigramUITests.swift in Sources */ = {isa = PBXBuildFile; fileRef = F9AE31761C926E5000C8A636 /* SelfigramUITests.swift */; };
		F9CC4EBE1C98F4AF00535D63 /* ProfileViewController.swift in Sources */ = {isa = PBXBuildFile; fileRef = F9CC4EBD1C98F4AF00535D63 /* ProfileViewController.swift */; };
		F9CC4EFF1C9B8BBC00535D63 /* User.swift in Sources */ = {isa = PBXBuildFile; fileRef = F9CC4EFE1C9B8BBC00535D63 /* User.swift */; };
		F9CC4F011C9B8E0700535D63 /* Post.swift in Sources */ = {isa = PBXBuildFile; fileRef = F9CC4F001C9B8E0700535D63 /* Post.swift */; };
/* End PBXBuildFile section */

/* Begin PBXContainerItemProxy section */
		F9AE31681C926E5000C8A636 /* PBXContainerItemProxy */ = {
			isa = PBXContainerItemProxy;
			containerPortal = F9AE314B1C926E5000C8A636 /* Project object */;
			proxyType = 1;
			remoteGlobalIDString = F9AE31521C926E5000C8A636;
			remoteInfo = Selfigram;
		};
		F9AE31731C926E5000C8A636 /* PBXContainerItemProxy */ = {
			isa = PBXContainerItemProxy;
			containerPortal = F9AE314B1C926E5000C8A636 /* Project object */;
			proxyType = 1;
			remoteGlobalIDString = F9AE31521C926E5000C8A636;
			remoteInfo = Selfigram;
		};
/* End PBXContainerItemProxy section */

/* Begin PBXCopyFilesBuildPhase section */
		F988FD751CA4E9B9005B48C8 /* Embed Frameworks */ = {
			isa = PBXCopyFilesBuildPhase;
			buildActionMask = 2147483647;
			dstPath = "";
			dstSubfolderSpec = 10;
			files = (
			);
			name = "Embed Frameworks";
			runOnlyForDeploymentPostprocessing = 0;
		};
/* End PBXCopyFilesBuildPhase section */

/* Begin PBXFileReference section */
		2E77212A15302F0F27D937EA /* Pods.release.xcconfig */ = {isa = PBXFileReference; includeInIndex = 1; lastKnownFileType = text.xcconfig; name = Pods.release.xcconfig; path = "Pods/Target Support Files/Pods/Pods.release.xcconfig"; sourceTree = "<group>"; };
		9FF669D6B3A228ED0960A726 /* Pods.debug.xcconfig */ = {isa = PBXFileReference; includeInIndex = 1; lastKnownFileType = text.xcconfig; name = Pods.debug.xcconfig; path = "Pods/Target Support Files/Pods/Pods.debug.xcconfig"; sourceTree = "<group>"; };
		E2300B1541CFC749F63AD8D6 /* Pods.framework */ = {isa = PBXFileReference; explicitFileType = wrapper.framework; includeInIndex = 0; path = Pods.framework; sourceTree = BUILT_PRODUCTS_DIR; };
		F9257E6E1CA224C9005BAA97 /* FeedTableViewController.swift */ = {isa = PBXFileReference; fileEncoding = 4; lastKnownFileType = sourcecode.swift; path = FeedTableViewController.swift; sourceTree = "<group>"; };
		F956A0C61CA4C682001B5D27 /* SelfieCell.swift */ = {isa = PBXFileReference; fileEncoding = 4; lastKnownFileType = sourcecode.swift; path = SelfieCell.swift; sourceTree = "<group>"; };
		F96433701CA6166A0044548A /* PhotoLibraryCollectionViewController.swift */ = {isa = PBXFileReference; fileEncoding = 4; lastKnownFileType = sourcecode.swift; path = PhotoLibraryCollectionViewController.swift; sourceTree = "<group>"; };
		F96433721CA901690044548A /* PhotoLibraryCollectionViewCell.swift */ = {isa = PBXFileReference; fileEncoding = 4; lastKnownFileType = sourcecode.swift; path = PhotoLibraryCollectionViewCell.swift; sourceTree = "<group>"; };
		F968BD091CB702D400AC4FE7 /* Activity.swift */ = {isa = PBXFileReference; fileEncoding = 4; lastKnownFileType = sourcecode.swift; path = Activity.swift; sourceTree = "<group>"; };
		F9AE31531C926E5000C8A636 /* Selfigram.app */ = {isa = PBXFileReference; explicitFileType = wrapper.application; includeInIndex = 0; path = Selfigram.app; sourceTree = BUILT_PRODUCTS_DIR; };
		F9AE31561C926E5000C8A636 /* AppDelegate.swift */ = {isa = PBXFileReference; lastKnownFileType = sourcecode.swift; path = AppDelegate.swift; sourceTree = "<group>"; };
		F9AE31581C926E5000C8A636 /* PostViewController.swift */ = {isa = PBXFileReference; lastKnownFileType = sourcecode.swift; path = PostViewController.swift; sourceTree = "<group>"; };
		F9AE315B1C926E5000C8A636 /* Base */ = {isa = PBXFileReference; lastKnownFileType = file.storyboard; name = Base; path = Base.lproj/Main.storyboard; sourceTree = "<group>"; };
		F9AE315D1C926E5000C8A636 /* Assets.xcassets */ = {isa = PBXFileReference; lastKnownFileType = folder.assetcatalog; path = Assets.xcassets; sourceTree = "<group>"; };
		F9AE31601C926E5000C8A636 /* Base */ = {isa = PBXFileReference; lastKnownFileType = file.storyboard; name = Base; path = Base.lproj/LaunchScreen.storyboard; sourceTree = "<group>"; };
		F9AE31621C926E5000C8A636 /* Info.plist */ = {isa = PBXFileReference; lastKnownFileType = text.plist.xml; path = Info.plist; sourceTree = "<group>"; };
		F9AE31671C926E5000C8A636 /* SelfigramTests.xctest */ = {isa = PBXFileReference; explicitFileType = wrapper.cfbundle; includeInIndex = 0; path = SelfigramTests.xctest; sourceTree = BUILT_PRODUCTS_DIR; };
		F9AE316B1C926E5000C8A636 /* SelfigramTests.swift */ = {isa = PBXFileReference; lastKnownFileType = sourcecode.swift; path = SelfigramTests.swift; sourceTree = "<group>"; };
		F9AE316D1C926E5000C8A636 /* Info.plist */ = {isa = PBXFileReference; lastKnownFileType = text.plist.xml; path = Info.plist; sourceTree = "<group>"; };
		F9AE31721C926E5000C8A636 /* SelfigramUITests.xctest */ = {isa = PBXFileReference; explicitFileType = wrapper.cfbundle; includeInIndex = 0; path = SelfigramUITests.xctest; sourceTree = BUILT_PRODUCTS_DIR; };
		F9AE31761C926E5000C8A636 /* SelfigramUITests.swift */ = {isa = PBXFileReference; lastKnownFileType = sourcecode.swift; path = SelfigramUITests.swift; sourceTree = "<group>"; };
		F9AE31781C926E5000C8A636 /* Info.plist */ = {isa = PBXFileReference; lastKnownFileType = text.plist.xml; path = Info.plist; sourceTree = "<group>"; };
		F9CC4EBD1C98F4AF00535D63 /* ProfileViewController.swift */ = {isa = PBXFileReference; fileEncoding = 4; lastKnownFileType = sourcecode.swift; path = ProfileViewController.swift; sourceTree = "<group>"; };
		F9CC4EFE1C9B8BBC00535D63 /* User.swift */ = {isa = PBXFileReference; fileEncoding = 4; lastKnownFileType = sourcecode.swift; path = User.swift; sourceTree = "<group>"; };
		F9CC4F001C9B8E0700535D63 /* Post.swift */ = {isa = PBXFileReference; fileEncoding = 4; lastKnownFileType = sourcecode.swift; path = Post.swift; sourceTree = "<group>"; };
		F9FC6A011CB4C06400249EAA /* Selfigram.entitlements */ = {isa = PBXFileReference; lastKnownFileType = text.xml; path = Selfigram.entitlements; sourceTree = "<group>"; };
/* End PBXFileReference section */

/* Begin PBXFrameworksBuildPhase section */
		F9AE31501C926E5000C8A636 /* Frameworks */ = {
			isa = PBXFrameworksBuildPhase;
			buildActionMask = 2147483647;
			files = (
				49764F050781DE970799244A /* Pods.framework in Frameworks */,
			);
			runOnlyForDeploymentPostprocessing = 0;
		};
		F9AE31641C926E5000C8A636 /* Frameworks */ = {
			isa = PBXFrameworksBuildPhase;
			buildActionMask = 2147483647;
			files = (
			);
			runOnlyForDeploymentPostprocessing = 0;
		};
		F9AE316F1C926E5000C8A636 /* Frameworks */ = {
			isa = PBXFrameworksBuildPhase;
			buildActionMask = 2147483647;
			files = (
			);
			runOnlyForDeploymentPostprocessing = 0;
		};
/* End PBXFrameworksBuildPhase section */

/* Begin PBXGroup section */
		3A5FA26A223EE5F05DE4E351 /* Frameworks */ = {
			isa = PBXGroup;
			children = (
				E2300B1541CFC749F63AD8D6 /* Pods.framework */,
			);
			name = Frameworks;
			sourceTree = "<group>";
		};
		485890B20310A8A219B4B929 /* Pods */ = {
			isa = PBXGroup;
			children = (
				9FF669D6B3A228ED0960A726 /* Pods.debug.xcconfig */,
				2E77212A15302F0F27D937EA /* Pods.release.xcconfig */,
			);
			name = Pods;
			sourceTree = "<group>";
		};
		F964336F1CA5EABB0044548A /* Model */ = {
			isa = PBXGroup;
			children = (
				F9CC4EFE1C9B8BBC00535D63 /* User.swift */,
				F9CC4F001C9B8E0700535D63 /* Post.swift */,
				F968BD091CB702D400AC4FE7 /* Activity.swift */,
			);
			name = Model;
			sourceTree = "<group>";
		};
		F9AE314A1C926E5000C8A636 = {
			isa = PBXGroup;
			children = (
				F9AE31551C926E5000C8A636 /* Selfigram */,
				F9AE316A1C926E5000C8A636 /* SelfigramTests */,
				F9AE31751C926E5000C8A636 /* SelfigramUITests */,
				F9AE31541C926E5000C8A636 /* Products */,
				485890B20310A8A219B4B929 /* Pods */,
				3A5FA26A223EE5F05DE4E351 /* Frameworks */,
			);
			sourceTree = "<group>";
		};
		F9AE31541C926E5000C8A636 /* Products */ = {
			isa = PBXGroup;
			children = (
				F9AE31531C926E5000C8A636 /* Selfigram.app */,
				F9AE31671C926E5000C8A636 /* SelfigramTests.xctest */,
				F9AE31721C926E5000C8A636 /* SelfigramUITests.xctest */,
			);
			name = Products;
			sourceTree = "<group>";
		};
		F9AE31551C926E5000C8A636 /* Selfigram */ = {
			isa = PBXGroup;
			children = (
				F9FC6A011CB4C06400249EAA /* Selfigram.entitlements */,
				F9AE31561C926E5000C8A636 /* AppDelegate.swift */,
				F9AE31581C926E5000C8A636 /* PostViewController.swift */,
				F9AE315A1C926E5000C8A636 /* Main.storyboard */,
				F96433721CA901690044548A /* PhotoLibraryCollectionViewCell.swift */,
				F96433701CA6166A0044548A /* PhotoLibraryCollectionViewController.swift */,
				F956A0C61CA4C682001B5D27 /* SelfieCell.swift */,
				F9257E6E1CA224C9005BAA97 /* FeedTableViewController.swift */,
				F9CC4EBD1C98F4AF00535D63 /* ProfileViewController.swift */,
				F964336F1CA5EABB0044548A /* Model */,
				F9AE315D1C926E5000C8A636 /* Assets.xcassets */,
				F9AE315F1C926E5000C8A636 /* LaunchScreen.storyboard */,
				F9AE31621C926E5000C8A636 /* Info.plist */,
			);
			path = Selfigram;
			sourceTree = "<group>";
		};
		F9AE316A1C926E5000C8A636 /* SelfigramTests */ = {
			isa = PBXGroup;
			children = (
				F9AE316B1C926E5000C8A636 /* SelfigramTests.swift */,
				F9AE316D1C926E5000C8A636 /* Info.plist */,
			);
			path = SelfigramTests;
			sourceTree = "<group>";
		};
		F9AE31751C926E5000C8A636 /* SelfigramUITests */ = {
			isa = PBXGroup;
			children = (
				F9AE31761C926E5000C8A636 /* SelfigramUITests.swift */,
				F9AE31781C926E5000C8A636 /* Info.plist */,
			);
			path = SelfigramUITests;
			sourceTree = "<group>";
		};
/* End PBXGroup section */

/* Begin PBXNativeTarget section */
		F9AE31521C926E5000C8A636 /* Selfigram */ = {
			isa = PBXNativeTarget;
			buildConfigurationList = F9AE317B1C926E5000C8A636 /* Build configuration list for PBXNativeTarget "Selfigram" */;
			buildPhases = (
				D8314272692430A3A5D0493A /* Check Pods Manifest.lock */,
				F9AE314F1C926E5000C8A636 /* Sources */,
				F9AE31501C926E5000C8A636 /* Frameworks */,
				F9AE31511C926E5000C8A636 /* Resources */,
				F988FD751CA4E9B9005B48C8 /* Embed Frameworks */,
				EB0256235D970895AC589987 /* Embed Pods Frameworks */,
				BE7691AC2126C9F7826C6869 /* Copy Pods Resources */,
			);
			buildRules = (
			);
			dependencies = (
			);
			name = Selfigram;
			productName = Selfigram;
			productReference = F9AE31531C926E5000C8A636 /* Selfigram.app */;
			productType = "com.apple.product-type.application";
		};
		F9AE31661C926E5000C8A636 /* SelfigramTests */ = {
			isa = PBXNativeTarget;
			buildConfigurationList = F9AE317E1C926E5000C8A636 /* Build configuration list for PBXNativeTarget "SelfigramTests" */;
			buildPhases = (
				F9AE31631C926E5000C8A636 /* Sources */,
				F9AE31641C926E5000C8A636 /* Frameworks */,
				F9AE31651C926E5000C8A636 /* Resources */,
			);
			buildRules = (
			);
			dependencies = (
				F9AE31691C926E5000C8A636 /* PBXTargetDependency */,
			);
			name = SelfigramTests;
			productName = SelfigramTests;
			productReference = F9AE31671C926E5000C8A636 /* SelfigramTests.xctest */;
			productType = "com.apple.product-type.bundle.unit-test";
		};
		F9AE31711C926E5000C8A636 /* SelfigramUITests */ = {
			isa = PBXNativeTarget;
			buildConfigurationList = F9AE31811C926E5000C8A636 /* Build configuration list for PBXNativeTarget "SelfigramUITests" */;
			buildPhases = (
				F9AE316E1C926E5000C8A636 /* Sources */,
				F9AE316F1C926E5000C8A636 /* Frameworks */,
				F9AE31701C926E5000C8A636 /* Resources */,
			);
			buildRules = (
			);
			dependencies = (
				F9AE31741C926E5000C8A636 /* PBXTargetDependency */,
			);
			name = SelfigramUITests;
			productName = SelfigramUITests;
			productReference = F9AE31721C926E5000C8A636 /* SelfigramUITests.xctest */;
			productType = "com.apple.product-type.bundle.ui-testing";
		};
/* End PBXNativeTarget section */

/* Begin PBXProject section */
		F9AE314B1C926E5000C8A636 /* Project object */ = {
			isa = PBXProject;
			attributes = {
				LastSwiftUpdateCheck = 0720;
				LastUpgradeCheck = 0720;
				ORGANIZATIONNAME = xhan91;
				TargetAttributes = {
					F9AE31521C926E5000C8A636 = {
						CreatedOnToolsVersion = 7.2.1;
						DevelopmentTeam = 985SCTYCG4;
						SystemCapabilities = {
							com.apple.ApplicationGroups.iOS = {
								enabled = 0;
							};
							com.apple.BackgroundModes = {
								enabled = 0;
							};
							com.apple.DataProtection = {
								enabled = 0;
							};
							com.apple.HealthKit = {
								enabled = 0;
							};
							com.apple.InterAppAudio = {
								enabled = 0;
							};
							com.apple.Keychain = {
								enabled = 0;
							};
							com.apple.Maps.iOS = {
								enabled = 0;
							};
						};
					};
					F9AE31661C926E5000C8A636 = {
						CreatedOnToolsVersion = 7.2.1;
						DevelopmentTeam = 985SCTYCG4;
						TestTargetID = F9AE31521C926E5000C8A636;
					};
					F9AE31711C926E5000C8A636 = {
						CreatedOnToolsVersion = 7.2.1;
						DevelopmentTeam = 985SCTYCG4;
						TestTargetID = F9AE31521C926E5000C8A636;
					};
				};
			};
			buildConfigurationList = F9AE314E1C926E5000C8A636 /* Build configuration list for PBXProject "Selfigram" */;
			compatibilityVersion = "Xcode 3.2";
			developmentRegion = English;
			hasScannedForEncodings = 0;
			knownRegions = (
				en,
				Base,
			);
			mainGroup = F9AE314A1C926E5000C8A636;
			productRefGroup = F9AE31541C926E5000C8A636 /* Products */;
			projectDirPath = "";
			projectRoot = "";
			targets = (
				F9AE31521C926E5000C8A636 /* Selfigram */,
				F9AE31661C926E5000C8A636 /* SelfigramTests */,
				F9AE31711C926E5000C8A636 /* SelfigramUITests */,
			);
		};
/* End PBXProject section */

/* Begin PBXResourcesBuildPhase section */
		F9AE31511C926E5000C8A636 /* Resources */ = {
			isa = PBXResourcesBuildPhase;
			buildActionMask = 2147483647;
			files = (
				F9AE31611C926E5000C8A636 /* LaunchScreen.storyboard in Resources */,
				F9AE315E1C926E5000C8A636 /* Assets.xcassets in Resources */,
				F9AE315C1C926E5000C8A636 /* Main.storyboard in Resources */,
			);
			runOnlyForDeploymentPostprocessing = 0;
		};
		F9AE31651C926E5000C8A636 /* Resources */ = {
			isa = PBXResourcesBuildPhase;
			buildActionMask = 2147483647;
			files = (
			);
			runOnlyForDeploymentPostprocessing = 0;
		};
		F9AE31701C926E5000C8A636 /* Resources */ = {
			isa = PBXResourcesBuildPhase;
			buildActionMask = 2147483647;
			files = (
			);
			runOnlyForDeploymentPostprocessing = 0;
		};
/* End PBXResourcesBuildPhase section */

/* Begin PBXShellScriptBuildPhase section */
		BE7691AC2126C9F7826C6869 /* Copy Pods Resources */ = {
			isa = PBXShellScriptBuildPhase;
			buildActionMask = 2147483647;
			files = (
			);
			inputPaths = (
			);
			name = "Copy Pods Resources";
			outputPaths = (
			);
			runOnlyForDeploymentPostprocessing = 0;
			shellPath = /bin/sh;
			shellScript = "\"${SRCROOT}/Pods/Target Support Files/Pods/Pods-resources.sh\"\n";
			showEnvVarsInLog = 0;
		};
		D8314272692430A3A5D0493A /* Check Pods Manifest.lock */ = {
			isa = PBXShellScriptBuildPhase;
			buildActionMask = 2147483647;
			files = (
			);
			inputPaths = (
			);
			name = "Check Pods Manifest.lock";
			outputPaths = (
			);
			runOnlyForDeploymentPostprocessing = 0;
			shellPath = /bin/sh;
			shellScript = "diff \"${PODS_ROOT}/../Podfile.lock\" \"${PODS_ROOT}/Manifest.lock\" > /dev/null\nif [[ $? != 0 ]] ; then\n    cat << EOM\nerror: The sandbox is not in sync with the Podfile.lock. Run 'pod install' or update your CocoaPods installation.\nEOM\n    exit 1\nfi\n";
			showEnvVarsInLog = 0;
		};
		EB0256235D970895AC589987 /* Embed Pods Frameworks */ = {
			isa = PBXShellScriptBuildPhase;
			buildActionMask = 2147483647;
			files = (
			);
			inputPaths = (
			);
			name = "Embed Pods Frameworks";
			outputPaths = (
			);
			runOnlyForDeploymentPostprocessing = 0;
			shellPath = /bin/sh;
			shellScript = "\"${SRCROOT}/Pods/Target Support Files/Pods/Pods-frameworks.sh\"\n";
			showEnvVarsInLog = 0;
		};
/* End PBXShellScriptBuildPhase section */

/* Begin PBXSourcesBuildPhase section */
		F9AE314F1C926E5000C8A636 /* Sources */ = {
			isa = PBXSourcesBuildPhase;
			buildActionMask = 2147483647;
			files = (
				F968BD0A1CB702D400AC4FE7 /* Activity.swift in Sources */,
				F9CC4EFF1C9B8BBC00535D63 /* User.swift in Sources */,
				F96433731CA901690044548A /* PhotoLibraryCollectionViewCell.swift in Sources */,
				F9257E6F1CA224C9005BAA97 /* FeedTableViewController.swift in Sources */,
				F956A0C71CA4C682001B5D27 /* SelfieCell.swift in Sources */,
				F9CC4EBE1C98F4AF00535D63 /* ProfileViewController.swift in Sources */,
				F9AE31591C926E5000C8A636 /* PostViewController.swift in Sources */,
				F9AE31571C926E5000C8A636 /* AppDelegate.swift in Sources */,
				F9CC4F011C9B8E0700535D63 /* Post.swift in Sources */,
				F96433711CA6166A0044548A /* PhotoLibraryCollectionViewController.swift in Sources */,
			);
			runOnlyForDeploymentPostprocessing = 0;
		};
		F9AE31631C926E5000C8A636 /* Sources */ = {
			isa = PBXSourcesBuildPhase;
			buildActionMask = 2147483647;
			files = (
				F9AE316C1C926E5000C8A636 /* SelfigramTests.swift in Sources */,
			);
			runOnlyForDeploymentPostprocessing = 0;
		};
		F9AE316E1C926E5000C8A636 /* Sources */ = {
			isa = PBXSourcesBuildPhase;
			buildActionMask = 2147483647;
			files = (
				F9AE31771C926E5000C8A636 /* SelfigramUITests.swift in Sources */,
			);
			runOnlyForDeploymentPostprocessing = 0;
		};
/* End PBXSourcesBuildPhase section */

/* Begin PBXTargetDependency section */
		F9AE31691C926E5000C8A636 /* PBXTargetDependency */ = {
			isa = PBXTargetDependency;
			target = F9AE31521C926E5000C8A636 /* Selfigram */;
			targetProxy = F9AE31681C926E5000C8A636 /* PBXContainerItemProxy */;
		};
		F9AE31741C926E5000C8A636 /* PBXTargetDependency */ = {
			isa = PBXTargetDependency;
			target = F9AE31521C926E5000C8A636 /* Selfigram */;
			targetProxy = F9AE31731C926E5000C8A636 /* PBXContainerItemProxy */;
		};
/* End PBXTargetDependency section */

/* Begin PBXVariantGroup section */
		F9AE315A1C926E5000C8A636 /* Main.storyboard */ = {
			isa = PBXVariantGroup;
			children = (
				F9AE315B1C926E5000C8A636 /* Base */,
			);
			name = Main.storyboard;
			sourceTree = "<group>";
		};
		F9AE315F1C926E5000C8A636 /* LaunchScreen.storyboard */ = {
			isa = PBXVariantGroup;
			children = (
				F9AE31601C926E5000C8A636 /* Base */,
			);
			name = LaunchScreen.storyboard;
			sourceTree = "<group>";
		};
/* End PBXVariantGroup section */

/* Begin XCBuildConfiguration section */
		F9AE31791C926E5000C8A636 /* Debug */ = {
			isa = XCBuildConfiguration;
			buildSettings = {
				ALWAYS_SEARCH_USER_PATHS = NO;
				CLANG_CXX_LANGUAGE_STANDARD = "gnu++0x";
				CLANG_CXX_LIBRARY = "libc++";
				CLANG_ENABLE_MODULES = YES;
				CLANG_ENABLE_OBJC_ARC = YES;
				CLANG_WARN_BOOL_CONVERSION = YES;
				CLANG_WARN_CONSTANT_CONVERSION = YES;
				CLANG_WARN_DIRECT_OBJC_ISA_USAGE = YES_ERROR;
				CLANG_WARN_EMPTY_BODY = YES;
				CLANG_WARN_ENUM_CONVERSION = YES;
				CLANG_WARN_INT_CONVERSION = YES;
				CLANG_WARN_OBJC_ROOT_CLASS = YES_ERROR;
				CLANG_WARN_UNREACHABLE_CODE = YES;
				CLANG_WARN__DUPLICATE_METHOD_MATCH = YES;
				"CODE_SIGN_IDENTITY[sdk=iphoneos*]" = "iPhone Developer";
				COPY_PHASE_STRIP = NO;
				DEBUG_INFORMATION_FORMAT = dwarf;
				ENABLE_STRICT_OBJC_MSGSEND = YES;
				ENABLE_TESTABILITY = YES;
				GCC_C_LANGUAGE_STANDARD = gnu99;
				GCC_DYNAMIC_NO_PIC = NO;
				GCC_NO_COMMON_BLOCKS = YES;
				GCC_OPTIMIZATION_LEVEL = 0;
				GCC_PREPROCESSOR_DEFINITIONS = (
					"DEBUG=1",
					"$(inherited)",
				);
				GCC_WARN_64_TO_32_BIT_CONVERSION = YES;
				GCC_WARN_ABOUT_RETURN_TYPE = YES_ERROR;
				GCC_WARN_UNDECLARED_SELECTOR = YES;
				GCC_WARN_UNINITIALIZED_AUTOS = YES_AGGRESSIVE;
				GCC_WARN_UNUSED_FUNCTION = YES;
				GCC_WARN_UNUSED_VARIABLE = YES;
				IPHONEOS_DEPLOYMENT_TARGET = 9.2;
				MTL_ENABLE_DEBUG_INFO = YES;
				ONLY_ACTIVE_ARCH = YES;
				SDKROOT = iphoneos;
				SWIFT_OPTIMIZATION_LEVEL = "-Onone";
			};
			name = Debug;
		};
		F9AE317A1C926E5000C8A636 /* Release */ = {
			isa = XCBuildConfiguration;
			buildSettings = {
				ALWAYS_SEARCH_USER_PATHS = NO;
				CLANG_CXX_LANGUAGE_STANDARD = "gnu++0x";
				CLANG_CXX_LIBRARY = "libc++";
				CLANG_ENABLE_MODULES = YES;
				CLANG_ENABLE_OBJC_ARC = YES;
				CLANG_WARN_BOOL_CONVERSION = YES;
				CLANG_WARN_CONSTANT_CONVERSION = YES;
				CLANG_WARN_DIRECT_OBJC_ISA_USAGE = YES_ERROR;
				CLANG_WARN_EMPTY_BODY = YES;
				CLANG_WARN_ENUM_CONVERSION = YES;
				CLANG_WARN_INT_CONVERSION = YES;
				CLANG_WARN_OBJC_ROOT_CLASS = YES_ERROR;
				CLANG_WARN_UNREACHABLE_CODE = YES;
				CLANG_WARN__DUPLICATE_METHOD_MATCH = YES;
				"CODE_SIGN_IDENTITY[sdk=iphoneos*]" = "iPhone Developer";
				COPY_PHASE_STRIP = NO;
				DEBUG_INFORMATION_FORMAT = "dwarf-with-dsym";
				ENABLE_NS_ASSERTIONS = NO;
				ENABLE_STRICT_OBJC_MSGSEND = YES;
				GCC_C_LANGUAGE_STANDARD = gnu99;
				GCC_NO_COMMON_BLOCKS = YES;
				GCC_WARN_64_TO_32_BIT_CONVERSION = YES;
				GCC_WARN_ABOUT_RETURN_TYPE = YES_ERROR;
				GCC_WARN_UNDECLARED_SELECTOR = YES;
				GCC_WARN_UNINITIALIZED_AUTOS = YES_AGGRESSIVE;
				GCC_WARN_UNUSED_FUNCTION = YES;
				GCC_WARN_UNUSED_VARIABLE = YES;
				IPHONEOS_DEPLOYMENT_TARGET = 9.2;
				MTL_ENABLE_DEBUG_INFO = NO;
				SDKROOT = iphoneos;
				VALIDATE_PRODUCT = YES;
			};
			name = Release;
		};
		F9AE317C1C926E5000C8A636 /* Debug */ = {
			isa = XCBuildConfiguration;
			baseConfigurationReference = 9FF669D6B3A228ED0960A726 /* Pods.debug.xcconfig */;
			buildSettings = {
				ASSETCATALOG_COMPILER_APPICON_NAME = AppIcon;
				CODE_SIGN_ENTITLEMENTS = Selfigram/Selfigram.entitlements;
				FRAMEWORK_SEARCH_PATHS = (
					"$(inherited)",
					"$(PROJECT_DIR)",
				);
				INFOPLIST_FILE = Selfigram/Info.plist;
				IPHONEOS_DEPLOYMENT_TARGET = 9.3;
				LD_RUNPATH_SEARCH_PATHS = "$(inherited) @executable_path/Frameworks";
				PRODUCT_BUNDLE_IDENTIFIER = com.xhan91.SelfigramWithParse;
				PRODUCT_NAME = "$(TARGET_NAME)";
			};
			name = Debug;
		};
		F9AE317D1C926E5000C8A636 /* Release */ = {
			isa = XCBuildConfiguration;
			baseConfigurationReference = 2E77212A15302F0F27D937EA /* Pods.release.xcconfig */;
			buildSettings = {
				ASSETCATALOG_COMPILER_APPICON_NAME = AppIcon;
				CODE_SIGN_ENTITLEMENTS = Selfigram/Selfigram.entitlements;
				FRAMEWORK_SEARCH_PATHS = (
					"$(inherited)",
					"$(PROJECT_DIR)",
				);
				INFOPLIST_FILE = Selfigram/Info.plist;
				IPHONEOS_DEPLOYMENT_TARGET = 9.3;
				LD_RUNPATH_SEARCH_PATHS = "$(inherited) @executable_path/Frameworks";
				PRODUCT_BUNDLE_IDENTIFIER = com.xhan91.SelfigramWithParse;
				PRODUCT_NAME = "$(TARGET_NAME)";
			};
			name = Release;
		};
		F9AE317F1C926E5000C8A636 /* Debug */ = {
			isa = XCBuildConfiguration;
			buildSettings = {
				BUNDLE_LOADER = "$(TEST_HOST)";
				FRAMEWORK_SEARCH_PATHS = "";
				INFOPLIST_FILE = SelfigramTests/Info.plist;
				LD_RUNPATH_SEARCH_PATHS = "$(inherited) @executable_path/Frameworks @loader_path/Frameworks";
				PRODUCT_BUNDLE_IDENTIFIER = com.xhan91.SelfigramTests;
				PRODUCT_NAME = "$(TARGET_NAME)";
				TEST_HOST = "$(BUILT_PRODUCTS_DIR)/Selfigram.app/Selfigram";
			};
			name = Debug;
		};
		F9AE31801C926E5000C8A636 /* Release */ = {
			isa = XCBuildConfiguration;
			buildSettings = {
				BUNDLE_LOADER = "$(TEST_HOST)";
				FRAMEWORK_SEARCH_PATHS = "";
				INFOPLIST_FILE = SelfigramTests/Info.plist;
				LD_RUNPATH_SEARCH_PATHS = "$(inherited) @executable_path/Frameworks @loader_path/Frameworks";
				PRODUCT_BUNDLE_IDENTIFIER = com.xhan91.SelfigramTests;
				PRODUCT_NAME = "$(TARGET_NAME)";
				TEST_HOST = "$(BUILT_PRODUCTS_DIR)/Selfigram.app/Selfigram";
			};
			name = Release;
		};
		F9AE31821C926E5000C8A636 /* Debug */ = {
			isa = XCBuildConfiguration;
			buildSettings = {
				INFOPLIST_FILE = SelfigramUITests/Info.plist;
				LD_RUNPATH_SEARCH_PATHS = "$(inherited) @executable_path/Frameworks @loader_path/Frameworks";
				PRODUCT_BUNDLE_IDENTIFIER = com.xhan91.SelfigramUITests;
				PRODUCT_NAME = "$(TARGET_NAME)";
				TEST_TARGET_NAME = Selfigram;
				USES_XCTRUNNER = YES;
			};
			name = Debug;
		};
		F9AE31831C926E5000C8A636 /* Release */ = {
			isa = XCBuildConfiguration;
			buildSettings = {
				INFOPLIST_FILE = SelfigramUITests/Info.plist;
				LD_RUNPATH_SEARCH_PATHS = "$(inherited) @executable_path/Frameworks @loader_path/Frameworks";
				PRODUCT_BUNDLE_IDENTIFIER = com.xhan91.SelfigramUITests;
				PRODUCT_NAME = "$(TARGET_NAME)";
				TEST_TARGET_NAME = Selfigram;
				USES_XCTRUNNER = YES;
			};
			name = Release;
		};
/* End XCBuildConfiguration section */

/* Begin XCConfigurationList section */
		F9AE314E1C926E5000C8A636 /* Build configuration list for PBXProject "Selfigram" */ = {
			isa = XCConfigurationList;
			buildConfigurations = (
				F9AE31791C926E5000C8A636 /* Debug */,
				F9AE317A1C926E5000C8A636 /* Release */,
			);
			defaultConfigurationIsVisible = 0;
			defaultConfigurationName = Release;
		};
		F9AE317B1C926E5000C8A636 /* Build configuration list for PBXNativeTarget "Selfigram" */ = {
			isa = XCConfigurationList;
			buildConfigurations = (
				F9AE317C1C926E5000C8A636 /* Debug */,
				F9AE317D1C926E5000C8A636 /* Release */,
			);
			defaultConfigurationIsVisible = 0;
			defaultConfigurationName = Release;
		};
		F9AE317E1C926E5000C8A636 /* Build configuration list for PBXNativeTarget "SelfigramTests" */ = {
			isa = XCConfigurationList;
			buildConfigurations = (
				F9AE317F1C926E5000C8A636 /* Debug */,
				F9AE31801C926E5000C8A636 /* Release */,
			);
			defaultConfigurationIsVisible = 0;
			defaultConfigurationName = Release;
		};
		F9AE31811C926E5000C8A636 /* Build configuration list for PBXNativeTarget "SelfigramUITests" */ = {
			isa = XCConfigurationList;
			buildConfigurations = (
				F9AE31821C926E5000C8A636 /* Debug */,
				F9AE31831C926E5000C8A636 /* Release */,
			);
			defaultConfigurationIsVisible = 0;
			defaultConfigurationName = Release;
		};
/* End XCConfigurationList section */
	};
	rootObject = F9AE314B1C926E5000C8A636 /* Project object */;
}
